
Microsoft Visual Studio Solution File, Format Version 11.00
# Visual Studio 2010
Project("{F184B08F-C81C-45F6-A57F-5ABD9991F28F}") = "visual-http", "visual-http\visual-http.vbproj", "{57421A6E-4686-4178-AFA8-8246F263A37D}"
EndProject
Global
	GlobalSection(SolutionConfigurationPlatforms) = preSolution
		Debug|x86 = Debug|x86
		Release|x86 = Release|x86
	EndGlobalSection
	GlobalSection(ProjectConfigurationPlatforms) = postSolution
		{57421A6E-4686-4178-AFA8-8246F263A37D}.Debug|x86.ActiveCfg = Debug|x86
		{57421A6E-4686-4178-AFA8-8246F263A37D}.Debug|x86.Build.0 = Debug|x86
		{57421A6E-4686-4178-AFA8-8246F263A37D}.Release|x86.ActiveCfg = Release|x86
		{57421A6E-4686-4178-AFA8-8246F263A37D}.Release|x86.Build.0 = Release|x86
	EndGlobalSection
	GlobalSection(SolutionProperties) = preSolution
		HideSolutionNode = FALSE
	EndGlobalSection
EndGlobal
